// !$*UTF8*$!
{
	archiveVersion = 1;
	classes = {
	};
	objectVersion = 48;
	objects = {

/* Begin PBXBuildFile section */
		FF569CA12005A3E80027512E /* AppDelegate.swift in Sources */ = {isa = PBXBuildFile; fileRef = FF569CA02005A3E80027512E /* AppDelegate.swift */; };
		FF569CA32005A3E80027512E /* ViewController.swift in Sources */ = {isa = PBXBuildFile; fileRef = FF569CA22005A3E80027512E /* ViewController.swift */; };
		FF569CA62005A3E80027512E /* Main.storyboard in Resources */ = {isa = PBXBuildFile; fileRef = FF569CA42005A3E80027512E /* Main.storyboard */; };
		FF569CA82005A3E80027512E /* Assets.xcassets in Resources */ = {isa = PBXBuildFile; fileRef = FF569CA72005A3E80027512E /* Assets.xcassets */; };
		FF569CAB2005A3E80027512E /* LaunchScreen.storyboard in Resources */ = {isa = PBXBuildFile; fileRef = FF569CA92005A3E80027512E /* LaunchScreen.storyboard */; };
		FF569CB62005A3E80027512E /* MeetingRecordTests.swift in Sources */ = {isa = PBXBuildFile; fileRef = FF569CB52005A3E80027512E /* MeetingRecordTests.swift */; };
		FF569CC12005A3E80027512E /* MeetingRecordUITests.swift in Sources */ = {isa = PBXBuildFile; fileRef = FF569CC02005A3E80027512E /* MeetingRecordUITests.swift */; };
		FF569D0A2005B38F0027512E /* MainViewController.swift in Sources */ = {isa = PBXBuildFile; fileRef = FF569D082005B38F0027512E /* MainViewController.swift */; };
		FF569D0B2005B38F0027512E /* MainViewController.xib in Resources */ = {isa = PBXBuildFile; fileRef = FF569D092005B38F0027512E /* MainViewController.xib */; };
		FF569D0E2005D2660027512E /* NaviCollectionViewCell.swift in Sources */ = {isa = PBXBuildFile; fileRef = FF569D0C2005D2660027512E /* NaviCollectionViewCell.swift */; };
		FF569D0F2005D2660027512E /* NaviCollectionViewCell.xib in Resources */ = {isa = PBXBuildFile; fileRef = FF569D0D2005D2660027512E /* NaviCollectionViewCell.xib */; };
		FF569D112005DB300027512E /* OProgressView.swift in Sources */ = {isa = PBXBuildFile; fileRef = FF569D102005DB300027512E /* OProgressView.swift */; };
		FF569D142006E8970027512E /* SubNaviCollectionViewCell.swift in Sources */ = {isa = PBXBuildFile; fileRef = FF569D122006E8970027512E /* SubNaviCollectionViewCell.swift */; };
		FF569D152006E8970027512E /* SubNaviCollectionViewCell.xib in Resources */ = {isa = PBXBuildFile; fileRef = FF569D132006E8970027512E /* SubNaviCollectionViewCell.xib */; };
		FF569D19200723BB0027512E /* LWLCollectionViewHorizontalLayout.m in Sources */ = {isa = PBXBuildFile; fileRef = FF569D17200723BB0027512E /* LWLCollectionViewHorizontalLayout.m */; };
		FF569D1C20073FC70027512E /* MenuCollectionViewCell.swift in Sources */ = {isa = PBXBuildFile; fileRef = FF569D1A20073FC70027512E /* MenuCollectionViewCell.swift */; };
		FF569D1D20073FC70027512E /* MenuCollectionViewCell.xib in Resources */ = {isa = PBXBuildFile; fileRef = FF569D1B20073FC70027512E /* MenuCollectionViewCell.xib */; };
		FF7B52B52075C26F00D96014 /* isSetCollectionViewCell.swift in Sources */ = {isa = PBXBuildFile; fileRef = FF7B52B32075C26F00D96014 /* isSetCollectionViewCell.swift */; };
		FF7B52B62075C26F00D96014 /* isSetCollectionViewCell.xib in Resources */ = {isa = PBXBuildFile; fileRef = FF7B52B42075C26F00D96014 /* isSetCollectionViewCell.xib */; };
		FF7E3E712057F9AD0082AB68 /* ColorCollectionViewCell.swift in Sources */ = {isa = PBXBuildFile; fileRef = FF7E3E6F2057F9AD0082AB68 /* ColorCollectionViewCell.swift */; };
		FF7E3E722057F9AD0082AB68 /* ColorCollectionViewCell.xib in Resources */ = {isa = PBXBuildFile; fileRef = FF7E3E702057F9AD0082AB68 /* ColorCollectionViewCell.xib */; };
		FF7E3E752058FEC60082AB68 /* plusButtonCollectionViewCell.swift in Sources */ = {isa = PBXBuildFile; fileRef = FF7E3E732058FEC60082AB68 /* plusButtonCollectionViewCell.swift */; };
		FF7E3E762058FEC60082AB68 /* plusButtonCollectionViewCell.xib in Resources */ = {isa = PBXBuildFile; fileRef = FF7E3E742058FEC60082AB68 /* plusButtonCollectionViewCell.xib */; };
		FF7E3E78205BDC350082AB68 /* SwiftNotice.swift in Sources */ = {isa = PBXBuildFile; fileRef = FF7E3E77205BDC350082AB68 /* SwiftNotice.swift */; };
		FF92E1FD200C6A140040E27A /* SelectViewController.swift in Sources */ = {isa = PBXBuildFile; fileRef = FF92E1FB200C6A140040E27A /* SelectViewController.swift */; };
		FF92E1FE200C6A140040E27A /* SelectViewController.xib in Resources */ = {isa = PBXBuildFile; fileRef = FF92E1FC200C6A140040E27A /* SelectViewController.xib */; };
		FF92E201200C97500040E27A /* tableTitleCollectionViewCell.swift in Sources */ = {isa = PBXBuildFile; fileRef = FF92E1FF200C97500040E27A /* tableTitleCollectionViewCell.swift */; };
		FF92E202200C97500040E27A /* tableTitleCollectionViewCell.xib in Resources */ = {isa = PBXBuildFile; fileRef = FF92E200200C97500040E27A /* tableTitleCollectionViewCell.xib */; };
		FF92E205200CA1340040E27A /* DataTableViewCell.swift in Sources */ = {isa = PBXBuildFile; fileRef = FF92E203200CA1340040E27A /* DataTableViewCell.swift */; };
		FF92E206200CA1340040E27A /* DataTableViewCell.xib in Resources */ = {isa = PBXBuildFile; fileRef = FF92E204200CA1340040E27A /* DataTableViewCell.xib */; };
		FF92E208200D8F260040E27A /* myClass.swift in Sources */ = {isa = PBXBuildFile; fileRef = FF92E207200D8F260040E27A /* myClass.swift */; };
		FF92E20B2011B17E0040E27A /* MessageViewController.swift in Sources */ = {isa = PBXBuildFile; fileRef = FF92E2092011B17E0040E27A /* MessageViewController.swift */; };
		FF92E20C2011B17E0040E27A /* MessageViewController.xib in Resources */ = {isa = PBXBuildFile; fileRef = FF92E20A2011B17E0040E27A /* MessageViewController.xib */; };
		FF92E20F2011BF350040E27A /* messageTableViewCell.swift in Sources */ = {isa = PBXBuildFile; fileRef = FF92E20D2011BF350040E27A /* messageTableViewCell.swift */; };
		FF92E2102011BF350040E27A /* messageTableViewCell.xib in Resources */ = {isa = PBXBuildFile; fileRef = FF92E20E2011BF350040E27A /* messageTableViewCell.xib */; };
		FF92E2172011F4490040E27A /* ColorViewController.swift in Sources */ = {isa = PBXBuildFile; fileRef = FF92E2152011F4490040E27A /* ColorViewController.swift */; };
		FF92E2182011F4490040E27A /* ColorViewController.xib in Resources */ = {isa = PBXBuildFile; fileRef = FF92E2162011F4490040E27A /* ColorViewController.xib */; };
		FF92E31A20184C500040E27A /* CusViewController.swift in Sources */ = {isa = PBXBuildFile; fileRef = FF92E31820184C500040E27A /* CusViewController.swift */; };
		FF92E31B20184C500040E27A /* CusViewController.xib in Resources */ = {isa = PBXBuildFile; fileRef = FF92E31920184C500040E27A /* CusViewController.xib */; };
		FF92E320201EE8270040E27A /* popTableViewCell.swift in Sources */ = {isa = PBXBuildFile; fileRef = FF92E31E201EE8270040E27A /* popTableViewCell.swift */; };
		FF92E321201EE8270040E27A /* popTableViewCell.xib in Resources */ = {isa = PBXBuildFile; fileRef = FF92E31F201EE8270040E27A /* popTableViewCell.xib */; };
		FF92E324201EEBE60040E27A /* popHeaderTableViewCell.swift in Sources */ = {isa = PBXBuildFile; fileRef = FF92E322201EEBE60040E27A /* popHeaderTableViewCell.swift */; };
		FF92E325201EEBE60040E27A /* popHeaderTableViewCell.xib in Resources */ = {isa = PBXBuildFile; fileRef = FF92E323201EEBE60040E27A /* popHeaderTableViewCell.xib */; };
		FF92E371202D42970040E27A /* Pods_MeetingRecord.framework in Frameworks */ = {isa = PBXBuildFile; fileRef = C7B056B85E5C35609C9F8EA1 /* Pods_MeetingRecord.framework */; };
		FFB91E6B203BEA6700D80416 /* helper.swift in Sources */ = {isa = PBXBuildFile; fileRef = FFB91E6A203BEA6700D80416 /* helper.swift */; };
/* End PBXBuildFile section */

/* Begin PBXContainerItemProxy section */
		FF569CB22005A3E80027512E /* PBXContainerItemProxy */ = {
			isa = PBXContainerItemProxy;
			containerPortal = FF569C952005A3E70027512E /* Project object */;
			proxyType = 1;
			remoteGlobalIDString = FF569C9C2005A3E70027512E;
			remoteInfo = MeetingRecord;
		};
		FF569CBD2005A3E80027512E /* PBXContainerItemProxy */ = {
			isa = PBXContainerItemProxy;
			containerPortal = FF569C952005A3E70027512E /* Project object */;
			proxyType = 1;
			remoteGlobalIDString = FF569C9C2005A3E70027512E;
			remoteInfo = MeetingRecord;
		};
/* End PBXContainerItemProxy section */

/* Begin PBXFileReference section */
		B87637A1186CB09CDBB00D68 /* Pods-MeetingRecord.debug.xcconfig */ = {isa = PBXFileReference; includeInIndex = 1; lastKnownFileType = text.xcconfig; name = "Pods-MeetingRecord.debug.xcconfig"; path = "Pods/Target Support Files/Pods-MeetingRecord/Pods-MeetingRecord.debug.xcconfig"; sourceTree = "<group>"; };
		C7B056B85E5C35609C9F8EA1 /* Pods_MeetingRecord.framework */ = {isa = PBXFileReference; explicitFileType = wrapper.framework; includeInIndex = 0; path = Pods_MeetingRecord.framework; sourceTree = BUILT_PRODUCTS_DIR; };
		E31E489BABD6EC97AECA326B /* Pods-MeetingRecord.release.xcconfig */ = {isa = PBXFileReference; includeInIndex = 1; lastKnownFileType = text.xcconfig; name = "Pods-MeetingRecord.release.xcconfig"; path = "Pods/Target Support Files/Pods-MeetingRecord/Pods-MeetingRecord.release.xcconfig"; sourceTree = "<group>"; };
		FF569C9D2005A3E70027512E /* MeetingRecord.app */ = {isa = PBXFileReference; explicitFileType = wrapper.application; includeInIndex = 0; path = MeetingRecord.app; sourceTree = BUILT_PRODUCTS_DIR; };
		FF569CA02005A3E80027512E /* AppDelegate.swift */ = {isa = PBXFileReference; lastKnownFileType = sourcecode.swift; path = AppDelegate.swift; sourceTree = "<group>"; };
		FF569CA22005A3E80027512E /* ViewController.swift */ = {isa = PBXFileReference; lastKnownFileType = sourcecode.swift; path = ViewController.swift; sourceTree = "<group>"; };
		FF569CA52005A3E80027512E /* Base */ = {isa = PBXFileReference; lastKnownFileType = file.storyboard; name = Base; path = Base.lproj/Main.storyboard; sourceTree = "<group>"; };
		FF569CA72005A3E80027512E /* Assets.xcassets */ = {isa = PBXFileReference; lastKnownFileType = folder.assetcatalog; path = Assets.xcassets; sourceTree = "<group>"; };
		FF569CAA2005A3E80027512E /* Base */ = {isa = PBXFileReference; lastKnownFileType = file.storyboard; name = Base; path = Base.lproj/LaunchScreen.storyboard; sourceTree = "<group>"; };
		FF569CAC2005A3E80027512E /* Info.plist */ = {isa = PBXFileReference; lastKnownFileType = text.plist.xml; path = Info.plist; sourceTree = "<group>"; };
		FF569CB12005A3E80027512E /* MeetingRecordTests.xctest */ = {isa = PBXFileReference; explicitFileType = wrapper.cfbundle; includeInIndex = 0; path = MeetingRecordTests.xctest; sourceTree = BUILT_PRODUCTS_DIR; };
		FF569CB52005A3E80027512E /* MeetingRecordTests.swift */ = {isa = PBXFileReference; lastKnownFileType = sourcecode.swift; path = MeetingRecordTests.swift; sourceTree = "<group>"; };
		FF569CB72005A3E80027512E /* Info.plist */ = {isa = PBXFileReference; lastKnownFileType = text.plist.xml; path = Info.plist; sourceTree = "<group>"; };
		FF569CBC2005A3E80027512E /* MeetingRecordUITests.xctest */ = {isa = PBXFileReference; explicitFileType = wrapper.cfbundle; includeInIndex = 0; path = MeetingRecordUITests.xctest; sourceTree = BUILT_PRODUCTS_DIR; };
		FF569CC02005A3E80027512E /* MeetingRecordUITests.swift */ = {isa = PBXFileReference; lastKnownFileType = sourcecode.swift; path = MeetingRecordUITests.swift; sourceTree = "<group>"; };
		FF569CC22005A3E80027512E /* Info.plist */ = {isa = PBXFileReference; lastKnownFileType = text.plist.xml; path = Info.plist; sourceTree = "<group>"; };
		FF569D082005B38F0027512E /* MainViewController.swift */ = {isa = PBXFileReference; indentWidth = 3; lastKnownFileType = sourcecode.swift; path = MainViewController.swift; sourceTree = "<group>"; };
		FF569D092005B38F0027512E /* MainViewController.xib */ = {isa = PBXFileReference; lastKnownFileType = file.xib; path = MainViewController.xib; sourceTree = "<group>"; };
		FF569D0C2005D2660027512E /* NaviCollectionViewCell.swift */ = {isa = PBXFileReference; lastKnownFileType = sourcecode.swift; path = NaviCollectionViewCell.swift; sourceTree = "<group>"; };
		FF569D0D2005D2660027512E /* NaviCollectionViewCell.xib */ = {isa = PBXFileReference; lastKnownFileType = file.xib; path = NaviCollectionViewCell.xib; sourceTree = "<group>"; };
		FF569D102005DB300027512E /* OProgressView.swift */ = {isa = PBXFileReference; fileEncoding = 4; lastKnownFileType = sourcecode.swift; path = OProgressView.swift; sourceTree = "<group>"; };
		FF569D122006E8970027512E /* SubNaviCollectionViewCell.swift */ = {isa = PBXFileReference; lastKnownFileType = sourcecode.swift; path = SubNaviCollectionViewCell.swift; sourceTree = "<group>"; };
		FF569D132006E8970027512E /* SubNaviCollectionViewCell.xib */ = {isa = PBXFileReference; lastKnownFileType = file.xib; path = SubNaviCollectionViewCell.xib; sourceTree = "<group>"; };
		FF569D16200723BA0027512E /* MeetingRecord-Bridging-Header.h */ = {isa = PBXFileReference; lastKnownFileType = sourcecode.c.h; path = "MeetingRecord-Bridging-Header.h"; sourceTree = "<group>"; };
		FF569D17200723BB0027512E /* LWLCollectionViewHorizontalLayout.m */ = {isa = PBXFileReference; fileEncoding = 4; lastKnownFileType = sourcecode.c.objc; path = LWLCollectionViewHorizontalLayout.m; sourceTree = "<group>"; };
		FF569D18200723BB0027512E /* LWLCollectionViewHorizontalLayout.h */ = {isa = PBXFileReference; fileEncoding = 4; lastKnownFileType = sourcecode.c.h; path = LWLCollectionViewHorizontalLayout.h; sourceTree = "<group>"; };
		FF569D1A20073FC70027512E /* MenuCollectionViewCell.swift */ = {isa = PBXFileReference; lastKnownFileType = sourcecode.swift; path = MenuCollectionViewCell.swift; sourceTree = "<group>"; };
		FF569D1B20073FC70027512E /* MenuCollectionViewCell.xib */ = {isa = PBXFileReference; lastKnownFileType = file.xib; path = MenuCollectionViewCell.xib; sourceTree = "<group>"; };
		FF7B52B32075C26F00D96014 /* isSetCollectionViewCell.swift */ = {isa = PBXFileReference; lastKnownFileType = sourcecode.swift; path = isSetCollectionViewCell.swift; sourceTree = "<group>"; };
		FF7B52B42075C26F00D96014 /* isSetCollectionViewCell.xib */ = {isa = PBXFileReference; lastKnownFileType = file.xib; path = isSetCollectionViewCell.xib; sourceTree = "<group>"; };
		FF7E3E6F2057F9AD0082AB68 /* ColorCollectionViewCell.swift */ = {isa = PBXFileReference; lastKnownFileType = sourcecode.swift; path = ColorCollectionViewCell.swift; sourceTree = "<group>"; };
		FF7E3E702057F9AD0082AB68 /* ColorCollectionViewCell.xib */ = {isa = PBXFileReference; lastKnownFileType = file.xib; path = ColorCollectionViewCell.xib; sourceTree = "<group>"; };
		FF7E3E732058FEC60082AB68 /* plusButtonCollectionViewCell.swift */ = {isa = PBXFileReference; lastKnownFileType = sourcecode.swift; path = plusButtonCollectionViewCell.swift; sourceTree = "<group>"; };
		FF7E3E742058FEC60082AB68 /* plusButtonCollectionViewCell.xib */ = {isa = PBXFileReference; lastKnownFileType = file.xib; path = plusButtonCollectionViewCell.xib; sourceTree = "<group>"; };
		FF7E3E77205BDC350082AB68 /* SwiftNotice.swift */ = {isa = PBXFileReference; fileEncoding = 4; lastKnownFileType = sourcecode.swift; path = SwiftNotice.swift; sourceTree = "<group>"; };
		FF92E1FB200C6A140040E27A /* SelectViewController.swift */ = {isa = PBXFileReference; lastKnownFileType = sourcecode.swift; path = SelectViewController.swift; sourceTree = "<group>"; };
		FF92E1FC200C6A140040E27A /* SelectViewController.xib */ = {isa = PBXFileReference; lastKnownFileType = file.xib; path = SelectViewController.xib; sourceTree = "<group>"; };
		FF92E1FF200C97500040E27A /* tableTitleCollectionViewCell.swift */ = {isa = PBXFileReference; lastKnownFileType = sourcecode.swift; path = tableTitleCollectionViewCell.swift; sourceTree = "<group>"; };
		FF92E200200C97500040E27A /* tableTitleCollectionViewCell.xib */ = {isa = PBXFileReference; lastKnownFileType = file.xib; path = tableTitleCollectionViewCell.xib; sourceTree = "<group>"; };
		FF92E203200CA1340040E27A /* DataTableViewCell.swift */ = {isa = PBXFileReference; lastKnownFileType = sourcecode.swift; path = DataTableViewCell.swift; sourceTree = "<group>"; };
		FF92E204200CA1340040E27A /* DataTableViewCell.xib */ = {isa = PBXFileReference; lastKnownFileType = file.xib; path = DataTableViewCell.xib; sourceTree = "<group>"; };
		FF92E207200D8F260040E27A /* myClass.swift */ = {isa = PBXFileReference; lastKnownFileType = sourcecode.swift; path = myClass.swift; sourceTree = "<group>"; };
		FF92E2092011B17E0040E27A /* MessageViewController.swift */ = {isa = PBXFileReference; lastKnownFileType = sourcecode.swift; path = MessageViewController.swift; sourceTree = "<group>"; };
		FF92E20A2011B17E0040E27A /* MessageViewController.xib */ = {isa = PBXFileReference; lastKnownFileType = file.xib; path = MessageViewController.xib; sourceTree = "<group>"; };
		FF92E20D2011BF350040E27A /* messageTableViewCell.swift */ = {isa = PBXFileReference; lastKnownFileType = sourcecode.swift; path = messageTableViewCell.swift; sourceTree = "<group>"; };
		FF92E20E2011BF350040E27A /* messageTableViewCell.xib */ = {isa = PBXFileReference; lastKnownFileType = file.xib; path = messageTableViewCell.xib; sourceTree = "<group>"; };
		FF92E2152011F4490040E27A /* ColorViewController.swift */ = {isa = PBXFileReference; lastKnownFileType = sourcecode.swift; path = ColorViewController.swift; sourceTree = "<group>"; };
		FF92E2162011F4490040E27A /* ColorViewController.xib */ = {isa = PBXFileReference; lastKnownFileType = file.xib; path = ColorViewController.xib; sourceTree = "<group>"; };
		FF92E31820184C500040E27A /* CusViewController.swift */ = {isa = PBXFileReference; lastKnownFileType = sourcecode.swift; path = CusViewController.swift; sourceTree = "<group>"; };
		FF92E31920184C500040E27A /* CusViewController.xib */ = {isa = PBXFileReference; lastKnownFileType = file.xib; path = CusViewController.xib; sourceTree = "<group>"; };
		FF92E31E201EE8270040E27A /* popTableViewCell.swift */ = {isa = PBXFileReference; lastKnownFileType = sourcecode.swift; path = popTableViewCell.swift; sourceTree = "<group>"; };
		FF92E31F201EE8270040E27A /* popTableViewCell.xib */ = {isa = PBXFileReference; lastKnownFileType = file.xib; path = popTableViewCell.xib; sourceTree = "<group>"; };
		FF92E322201EEBE60040E27A /* popHeaderTableViewCell.swift */ = {isa = PBXFileReference; lastKnownFileType = sourcecode.swift; path = popHeaderTableViewCell.swift; sourceTree = "<group>"; };
		FF92E323201EEBE60040E27A /* popHeaderTableViewCell.xib */ = {isa = PBXFileReference; lastKnownFileType = file.xib; path = popHeaderTableViewCell.xib; sourceTree = "<group>"; };
		FF92E370202D42090040E27A /* PDFReader.h */ = {isa = PBXFileReference; fileEncoding = 4; lastKnownFileType = sourcecode.c.h; path = PDFReader.h; sourceTree = "<group>"; };
		FFB91E6A203BEA6700D80416 /* helper.swift */ = {isa = PBXFileReference; lastKnownFileType = sourcecode.swift; path = helper.swift; sourceTree = "<group>"; };
/* End PBXFileReference section */

/* Begin PBXFrameworksBuildPhase section */
		FF569C9A2005A3E70027512E /* Frameworks */ = {
			isa = PBXFrameworksBuildPhase;
			buildActionMask = 2147483647;
			files = (
				FF92E371202D42970040E27A /* Pods_MeetingRecord.framework in Frameworks */,
			);
			runOnlyForDeploymentPostprocessing = 0;
		};
		FF569CAE2005A3E80027512E /* Frameworks */ = {
			isa = PBXFrameworksBuildPhase;
			buildActionMask = 2147483647;
			files = (
			);
			runOnlyForDeploymentPostprocessing = 0;
		};
		FF569CB92005A3E80027512E /* Frameworks */ = {
			isa = PBXFrameworksBuildPhase;
			buildActionMask = 2147483647;
			files = (
			);
			runOnlyForDeploymentPostprocessing = 0;
		};
/* End PBXFrameworksBuildPhase section */

/* Begin PBXGroup section */
		479C91354749DBBAD3AD7EE3 /* Pods */ = {
			isa = PBXGroup;
			children = (
				B87637A1186CB09CDBB00D68 /* Pods-MeetingRecord.debug.xcconfig */,
				E31E489BABD6EC97AECA326B /* Pods-MeetingRecord.release.xcconfig */,
			);
			name = Pods;
			sourceTree = "<group>";
		};
		BD3DD14D7D89E3BCF358DBDA /* Frameworks */ = {
			isa = PBXGroup;
			children = (
				C7B056B85E5C35609C9F8EA1 /* Pods_MeetingRecord.framework */,
			);
			name = Frameworks;
			sourceTree = "<group>";
		};
		FF569C942005A3E70027512E = {
			isa = PBXGroup;
			children = (
				FF569C9F2005A3E70027512E /* MeetingRecord */,
				FF569CB42005A3E80027512E /* MeetingRecordTests */,
				FF569CBF2005A3E80027512E /* MeetingRecordUITests */,
				FF569C9E2005A3E70027512E /* Products */,
				479C91354749DBBAD3AD7EE3 /* Pods */,
				BD3DD14D7D89E3BCF358DBDA /* Frameworks */,
			);
			sourceTree = "<group>";
		};
		FF569C9E2005A3E70027512E /* Products */ = {
			isa = PBXGroup;
			children = (
				FF569C9D2005A3E70027512E /* MeetingRecord.app */,
				FF569CB12005A3E80027512E /* MeetingRecordTests.xctest */,
				FF569CBC2005A3E80027512E /* MeetingRecordUITests.xctest */,
			);
			name = Products;
			sourceTree = "<group>";
		};
		FF569C9F2005A3E70027512E /* MeetingRecord */ = {
			isa = PBXGroup;
			children = (
				FF92E370202D42090040E27A /* PDFReader.h */,
				FF569CA02005A3E80027512E /* AppDelegate.swift */,
				FF7E3E77205BDC350082AB68 /* SwiftNotice.swift */,
				FF569D102005DB300027512E /* OProgressView.swift */,
				FF569CA22005A3E80027512E /* ViewController.swift */,
				FF92E31E201EE8270040E27A /* popTableViewCell.swift */,
				FF92E31F201EE8270040E27A /* popTableViewCell.xib */,
				FF92E322201EEBE60040E27A /* popHeaderTableViewCell.swift */,
				FF92E323201EEBE60040E27A /* popHeaderTableViewCell.xib */,
				FF569D082005B38F0027512E /* MainViewController.swift */,
				FF92E31820184C500040E27A /* CusViewController.swift */,
				FF92E31920184C500040E27A /* CusViewController.xib */,
				FF569D092005B38F0027512E /* MainViewController.xib */,
				FF569D0C2005D2660027512E /* NaviCollectionViewCell.swift */,
				FF569D0D2005D2660027512E /* NaviCollectionViewCell.xib */,
				FF569D122006E8970027512E /* SubNaviCollectionViewCell.swift */,
				FF569D132006E8970027512E /* SubNaviCollectionViewCell.xib */,
				FF92E1FF200C97500040E27A /* tableTitleCollectionViewCell.swift */,
				FF92E200200C97500040E27A /* tableTitleCollectionViewCell.xib */,
				FF569D1A20073FC70027512E /* MenuCollectionViewCell.swift */,
				FF569D1B20073FC70027512E /* MenuCollectionViewCell.xib */,
				FF569CA42005A3E80027512E /* Main.storyboard */,
				FF92E1FB200C6A140040E27A /* SelectViewController.swift */,
				FF92E1FC200C6A140040E27A /* SelectViewController.xib */,
				FF92E2152011F4490040E27A /* ColorViewController.swift */,
				FF92E2162011F4490040E27A /* ColorViewController.xib */,
				FF7E3E6F2057F9AD0082AB68 /* ColorCollectionViewCell.swift */,
				FF7E3E702057F9AD0082AB68 /* ColorCollectionViewCell.xib */,
				FF7B52B32075C26F00D96014 /* isSetCollectionViewCell.swift */,
				FF7B52B42075C26F00D96014 /* isSetCollectionViewCell.xib */,
				FF7E3E732058FEC60082AB68 /* plusButtonCollectionViewCell.swift */,
				FF7E3E742058FEC60082AB68 /* plusButtonCollectionViewCell.xib */,
				FF92E207200D8F260040E27A /* myClass.swift */,
				FFB91E6A203BEA6700D80416 /* helper.swift */,
				FF92E203200CA1340040E27A /* DataTableViewCell.swift */,
				FF92E204200CA1340040E27A /* DataTableViewCell.xib */,
				FF92E2092011B17E0040E27A /* MessageViewController.swift */,
				FF92E20A2011B17E0040E27A /* MessageViewController.xib */,
				FF92E20D2011BF350040E27A /* messageTableViewCell.swift */,
				FF92E20E2011BF350040E27A /* messageTableViewCell.xib */,
				FF569D18200723BB0027512E /* LWLCollectionViewHorizontalLayout.h */,
				FF569D17200723BB0027512E /* LWLCollectionViewHorizontalLayout.m */,
				FF569CA72005A3E80027512E /* Assets.xcassets */,
				FF569CA92005A3E80027512E /* LaunchScreen.storyboard */,
				FF569CAC2005A3E80027512E /* Info.plist */,
				FF569D16200723BA0027512E /* MeetingRecord-Bridging-Header.h */,
			);
			path = MeetingRecord;
			sourceTree = "<group>";
		};
		FF569CB42005A3E80027512E /* MeetingRecordTests */ = {
			isa = PBXGroup;
			children = (
				FF569CB52005A3E80027512E /* MeetingRecordTests.swift */,
				FF569CB72005A3E80027512E /* Info.plist */,
			);
			path = MeetingRecordTests;
			sourceTree = "<group>";
		};
		FF569CBF2005A3E80027512E /* MeetingRecordUITests */ = {
			isa = PBXGroup;
			children = (
				FF569CC02005A3E80027512E /* MeetingRecordUITests.swift */,
				FF569CC22005A3E80027512E /* Info.plist */,
			);
			path = MeetingRecordUITests;
			sourceTree = "<group>";
		};
/* End PBXGroup section */

/* Begin PBXNativeTarget section */
		FF569C9C2005A3E70027512E /* MeetingRecord */ = {
			isa = PBXNativeTarget;
			buildConfigurationList = FF569CC52005A3E80027512E /* Build configuration list for PBXNativeTarget "MeetingRecord" */;
			buildPhases = (
				5057C9629569D4888B80DB0A /* [CP] Check Pods Manifest.lock */,
				FF569C992005A3E70027512E /* Sources */,
				FF569C9A2005A3E70027512E /* Frameworks */,
				FF569C9B2005A3E70027512E /* Resources */,
				434CD623D63DAB10D7A753B8 /* [CP] Embed Pods Frameworks */,
				E5222EA85B6F269F5AE45C3A /* [CP] Copy Pods Resources */,
			);
			buildRules = (
			);
			dependencies = (
			);
			name = MeetingRecord;
			productName = MeetingRecord;
			productReference = FF569C9D2005A3E70027512E /* MeetingRecord.app */;
			productType = "com.apple.product-type.application";
		};
		FF569CB02005A3E80027512E /* MeetingRecordTests */ = {
			isa = PBXNativeTarget;
			buildConfigurationList = FF569CC82005A3E80027512E /* Build configuration list for PBXNativeTarget "MeetingRecordTests" */;
			buildPhases = (
				FF569CAD2005A3E80027512E /* Sources */,
				FF569CAE2005A3E80027512E /* Frameworks */,
				FF569CAF2005A3E80027512E /* Resources */,
			);
			buildRules = (
			);
			dependencies = (
				FF569CB32005A3E80027512E /* PBXTargetDependency */,
			);
			name = MeetingRecordTests;
			productName = MeetingRecordTests;
			productReference = FF569CB12005A3E80027512E /* MeetingRecordTests.xctest */;
			productType = "com.apple.product-type.bundle.unit-test";
		};
		FF569CBB2005A3E80027512E /* MeetingRecordUITests */ = {
			isa = PBXNativeTarget;
			buildConfigurationList = FF569CCB2005A3E80027512E /* Build configuration list for PBXNativeTarget "MeetingRecordUITests" */;
			buildPhases = (
				FF569CB82005A3E80027512E /* Sources */,
				FF569CB92005A3E80027512E /* Frameworks */,
				FF569CBA2005A3E80027512E /* Resources */,
			);
			buildRules = (
			);
			dependencies = (
				FF569CBE2005A3E80027512E /* PBXTargetDependency */,
			);
			name = MeetingRecordUITests;
			productName = MeetingRecordUITests;
			productReference = FF569CBC2005A3E80027512E /* MeetingRecordUITests.xctest */;
			productType = "com.apple.product-type.bundle.ui-testing";
		};
/* End PBXNativeTarget section */

/* Begin PBXProject section */
		FF569C952005A3E70027512E /* Project object */ = {
			isa = PBXProject;
			attributes = {
				LastSwiftUpdateCheck = 0920;
				LastUpgradeCheck = 0920;
				ORGANIZATIONNAME = nics1094;
				TargetAttributes = {
					FF569C9C2005A3E70027512E = {
						CreatedOnToolsVersion = 9.2;
						LastSwiftMigration = 0920;
						ProvisioningStyle = Automatic;
					};
					FF569CB02005A3E80027512E = {
						CreatedOnToolsVersion = 9.2;
						ProvisioningStyle = Automatic;
						TestTargetID = FF569C9C2005A3E70027512E;
					};
					FF569CBB2005A3E80027512E = {
						CreatedOnToolsVersion = 9.2;
						ProvisioningStyle = Automatic;
						TestTargetID = FF569C9C2005A3E70027512E;
					};
				};
			};
			buildConfigurationList = FF569C982005A3E70027512E /* Build configuration list for PBXProject "MeetingRecord" */;
			compatibilityVersion = "Xcode 8.0";
			developmentRegion = en;
			hasScannedForEncodings = 0;
			knownRegions = (
				en,
				Base,
			);
			mainGroup = FF569C942005A3E70027512E;
			productRefGroup = FF569C9E2005A3E70027512E /* Products */;
			projectDirPath = "";
			projectRoot = "";
			targets = (
				FF569C9C2005A3E70027512E /* MeetingRecord */,
				FF569CB02005A3E80027512E /* MeetingRecordTests */,
				FF569CBB2005A3E80027512E /* MeetingRecordUITests */,
			);
		};
/* End PBXProject section */

/* Begin PBXResourcesBuildPhase section */
		FF569C9B2005A3E70027512E /* Resources */ = {
			isa = PBXResourcesBuildPhase;
			buildActionMask = 2147483647;
			files = (
				FF92E202200C97500040E27A /* tableTitleCollectionViewCell.xib in Resources */,
				FF92E1FE200C6A140040E27A /* SelectViewController.xib in Resources */,
				FF92E321201EE8270040E27A /* popTableViewCell.xib in Resources */,
				FF569D1D20073FC70027512E /* MenuCollectionViewCell.xib in Resources */,
				FF569CAB2005A3E80027512E /* LaunchScreen.storyboard in Resources */,
				FF569D152006E8970027512E /* SubNaviCollectionViewCell.xib in Resources */,
				FF92E206200CA1340040E27A /* DataTableViewCell.xib in Resources */,
				FF92E325201EEBE60040E27A /* popHeaderTableViewCell.xib in Resources */,
				FF7E3E722057F9AD0082AB68 /* ColorCollectionViewCell.xib in Resources */,
				FF7B52B62075C26F00D96014 /* isSetCollectionViewCell.xib in Resources */,
				FF92E31B20184C500040E27A /* CusViewController.xib in Resources */,
				FF569D0F2005D2660027512E /* NaviCollectionViewCell.xib in Resources */,
				FF7E3E762058FEC60082AB68 /* plusButtonCollectionViewCell.xib in Resources */,
				FF569CA82005A3E80027512E /* Assets.xcassets in Resources */,
				FF92E20C2011B17E0040E27A /* MessageViewController.xib in Resources */,
				FF92E2102011BF350040E27A /* messageTableViewCell.xib in Resources */,
				FF569CA62005A3E80027512E /* Main.storyboard in Resources */,
				FF92E2182011F4490040E27A /* ColorViewController.xib in Resources */,
				FF569D0B2005B38F0027512E /* MainViewController.xib in Resources */,
			);
			runOnlyForDeploymentPostprocessing = 0;
		};
		FF569CAF2005A3E80027512E /* Resources */ = {
			isa = PBXResourcesBuildPhase;
			buildActionMask = 2147483647;
			files = (
			);
			runOnlyForDeploymentPostprocessing = 0;
		};
		FF569CBA2005A3E80027512E /* Resources */ = {
			isa = PBXResourcesBuildPhase;
			buildActionMask = 2147483647;
			files = (
			);
			runOnlyForDeploymentPostprocessing = 0;
		};
/* End PBXResourcesBuildPhase section */

/* Begin PBXShellScriptBuildPhase section */
		434CD623D63DAB10D7A753B8 /* [CP] Embed Pods Frameworks */ = {
			isa = PBXShellScriptBuildPhase;
			buildActionMask = 2147483647;
			files = (
			);
			inputPaths = (
				"${SRCROOT}/Pods/Target Support Files/Pods-MeetingRecord/Pods-MeetingRecord-frameworks.sh",
				"${BUILT_PRODUCTS_DIR}/Alamofire/Alamofire.framework",
				"${BUILT_PRODUCTS_DIR}/PDFReader/PDFReader.framework",
				"${BUILT_PRODUCTS_DIR}/SDWebImage/SDWebImage.framework",
			);
			name = "[CP] Embed Pods Frameworks";
			outputPaths = (
				"${TARGET_BUILD_DIR}/${FRAMEWORKS_FOLDER_PATH}/Alamofire.framework",
				"${TARGET_BUILD_DIR}/${FRAMEWORKS_FOLDER_PATH}/PDFReader.framework",
				"${TARGET_BUILD_DIR}/${FRAMEWORKS_FOLDER_PATH}/SDWebImage.framework",
			);
			runOnlyForDeploymentPostprocessing = 0;
			shellPath = /bin/sh;
			shellScript = "\"${SRCROOT}/Pods/Target Support Files/Pods-MeetingRecord/Pods-MeetingRecord-frameworks.sh\"\n";
			showEnvVarsInLog = 0;
		};
		5057C9629569D4888B80DB0A /* [CP] Check Pods Manifest.lock */ = {
			isa = PBXShellScriptBuildPhase;
			buildActionMask = 2147483647;
			files = (
			);
			inputPaths = (
				"${PODS_PODFILE_DIR_PATH}/Podfile.lock",
				"${PODS_ROOT}/Manifest.lock",
			);
			name = "[CP] Check Pods Manifest.lock";
			outputPaths = (
				"$(DERIVED_FILE_DIR)/Pods-MeetingRecord-checkManifestLockResult.txt",
			);
			runOnlyForDeploymentPostprocessing = 0;
			shellPath = /bin/sh;
			shellScript = "diff \"${PODS_PODFILE_DIR_PATH}/Podfile.lock\" \"${PODS_ROOT}/Manifest.lock\" > /dev/null\nif [ $? != 0 ] ; then\n    # print error to STDERR\n    echo \"error: The sandbox is not in sync with the Podfile.lock. Run 'pod install' or update your CocoaPods installation.\" >&2\n    exit 1\nfi\n# This output is used by Xcode 'outputs' to avoid re-running this script phase.\necho \"SUCCESS\" > \"${SCRIPT_OUTPUT_FILE_0}\"\n";
			showEnvVarsInLog = 0;
		};
		E5222EA85B6F269F5AE45C3A /* [CP] Copy Pods Resources */ = {
			isa = PBXShellScriptBuildPhase;
			buildActionMask = 12;
			files = (
			);
			inputPaths = (
			);
			name = "[CP] Copy Pods Resources";
			outputPaths = (
			);
			runOnlyForDeploymentPostprocessing = 0;
			shellPath = /bin/sh;
			shellScript = "\"${SRCROOT}/Pods/Target Support Files/Pods-MeetingRecord/Pods-MeetingRecord-resources.sh\"\n";
			showEnvVarsInLog = 0;
		};
/* End PBXShellScriptBuildPhase section */

/* Begin PBXSourcesBuildPhase section */
		FF569C992005A3E70027512E /* Sources */ = {
			isa = PBXSourcesBuildPhase;
			buildActionMask = 2147483647;
			files = (
				FF92E320201EE8270040E27A /* popTableViewCell.swift in Sources */,
				FF92E208200D8F260040E27A /* myClass.swift in Sources */,
				FF92E20B2011B17E0040E27A /* MessageViewController.swift in Sources */,
				FF7E3E752058FEC60082AB68 /* plusButtonCollectionViewCell.swift in Sources */,
				FF569D0E2005D2660027512E /* NaviCollectionViewCell.swift in Sources */,
				FF569D142006E8970027512E /* SubNaviCollectionViewCell.swift in Sources */,
				FF92E201200C97500040E27A /* tableTitleCollectionViewCell.swift in Sources */,
				FFB91E6B203BEA6700D80416 /* helper.swift in Sources */,
				FF7B52B52075C26F00D96014 /* isSetCollectionViewCell.swift in Sources */,
				FF92E324201EEBE60040E27A /* popHeaderTableViewCell.swift in Sources */,
				FF569D0A2005B38F0027512E /* MainViewController.swift in Sources */,
				FF569D1C20073FC70027512E /* MenuCollectionViewCell.swift in Sources */,
				FF7E3E712057F9AD0082AB68 /* ColorCollectionViewCell.swift in Sources */,
				FF569CA32005A3E80027512E /* ViewController.swift in Sources */,
				FF569D19200723BB0027512E /* LWLCollectionViewHorizontalLayout.m in Sources */,
				FF569D112005DB300027512E /* OProgressView.swift in Sources */,
				FF92E205200CA1340040E27A /* DataTableViewCell.swift in Sources */,
				FF92E20F2011BF350040E27A /* messageTableViewCell.swift in Sources */,
				FF7E3E78205BDC350082AB68 /* SwiftNotice.swift in Sources */,
				FF92E31A20184C500040E27A /* CusViewController.swift in Sources */,
				FF92E1FD200C6A140040E27A /* SelectViewController.swift in Sources */,
				FF92E2172011F4490040E27A /* ColorViewController.swift in Sources */,
				FF569CA12005A3E80027512E /* AppDelegate.swift in Sources */,
			);
			runOnlyForDeploymentPostprocessing = 0;
		};
		FF569CAD2005A3E80027512E /* Sources */ = {
			isa = PBXSourcesBuildPhase;
			buildActionMask = 2147483647;
			files = (
				FF569CB62005A3E80027512E /* MeetingRecordTests.swift in Sources */,
			);
			runOnlyForDeploymentPostprocessing = 0;
		};
		FF569CB82005A3E80027512E /* Sources */ = {
			isa = PBXSourcesBuildPhase;
			buildActionMask = 2147483647;
			files = (
				FF569CC12005A3E80027512E /* MeetingRecordUITests.swift in Sources */,
			);
			runOnlyForDeploymentPostprocessing = 0;
		};
/* End PBXSourcesBuildPhase section */

/* Begin PBXTargetDependency section */
		FF569CB32005A3E80027512E /* PBXTargetDependency */ = {
			isa = PBXTargetDependency;
			target = FF569C9C2005A3E70027512E /* MeetingRecord */;
			targetProxy = FF569CB22005A3E80027512E /* PBXContainerItemProxy */;
		};
		FF569CBE2005A3E80027512E /* PBXTargetDependency */ = {
			isa = PBXTargetDependency;
			target = FF569C9C2005A3E70027512E /* MeetingRecord */;
			targetProxy = FF569CBD2005A3E80027512E /* PBXContainerItemProxy */;
		};
/* End PBXTargetDependency section */

/* Begin PBXVariantGroup section */
		FF569CA42005A3E80027512E /* Main.storyboard */ = {
			isa = PBXVariantGroup;
			children = (
				FF569CA52005A3E80027512E /* Base */,
			);
			name = Main.storyboard;
			sourceTree = "<group>";
		};
		FF569CA92005A3E80027512E /* LaunchScreen.storyboard */ = {
			isa = PBXVariantGroup;
			children = (
				FF569CAA2005A3E80027512E /* Base */,
			);
			name = LaunchScreen.storyboard;
			sourceTree = "<group>";
		};
/* End PBXVariantGroup section */

/* Begin XCBuildConfiguration section */
		FF569CC32005A3E80027512E /* Debug */ = {
			isa = XCBuildConfiguration;
			buildSettings = {
				ALWAYS_SEARCH_USER_PATHS = NO;
				CLANG_ANALYZER_NONNULL = YES;
				CLANG_ANALYZER_NUMBER_OBJECT_CONVERSION = YES_AGGRESSIVE;
				CLANG_CXX_LANGUAGE_STANDARD = "gnu++14";
				CLANG_CXX_LIBRARY = "libc++";
				CLANG_ENABLE_MODULES = YES;
				CLANG_ENABLE_OBJC_ARC = YES;
				CLANG_WARN_BLOCK_CAPTURE_AUTORELEASING = YES;
				CLANG_WARN_BOOL_CONVERSION = YES;
				CLANG_WARN_COMMA = YES;
				CLANG_WARN_CONSTANT_CONVERSION = YES;
				CLANG_WARN_DIRECT_OBJC_ISA_USAGE = YES_ERROR;
				CLANG_WARN_DOCUMENTATION_COMMENTS = YES;
				CLANG_WARN_EMPTY_BODY = YES;
				CLANG_WARN_ENUM_CONVERSION = YES;
				CLANG_WARN_INFINITE_RECURSION = YES;
				CLANG_WARN_INT_CONVERSION = YES;
				CLANG_WARN_NON_LITERAL_NULL_CONVERSION = YES;
				CLANG_WARN_OBJC_LITERAL_CONVERSION = YES;
				CLANG_WARN_OBJC_ROOT_CLASS = YES_ERROR;
				CLANG_WARN_RANGE_LOOP_ANALYSIS = YES;
				CLANG_WARN_STRICT_PROTOTYPES = YES;
				CLANG_WARN_SUSPICIOUS_MOVE = YES;
				CLANG_WARN_UNGUARDED_AVAILABILITY = YES_AGGRESSIVE;
				CLANG_WARN_UNREACHABLE_CODE = YES;
				CLANG_WARN__DUPLICATE_METHOD_MATCH = YES;
				CODE_SIGN_IDENTITY = "iPhone Developer";
				COPY_PHASE_STRIP = NO;
				DEBUG_INFORMATION_FORMAT = dwarf;
				ENABLE_STRICT_OBJC_MSGSEND = YES;
				ENABLE_TESTABILITY = YES;
				GCC_C_LANGUAGE_STANDARD = gnu11;
				GCC_DYNAMIC_NO_PIC = NO;
				GCC_NO_COMMON_BLOCKS = YES;
				GCC_OPTIMIZATION_LEVEL = 0;
				GCC_PREPROCESSOR_DEFINITIONS = (
					"DEBUG=1",
					"$(inherited)",
				);
				GCC_WARN_64_TO_32_BIT_CONVERSION = YES;
				GCC_WARN_ABOUT_RETURN_TYPE = YES_ERROR;
				GCC_WARN_UNDECLARED_SELECTOR = YES;
				GCC_WARN_UNINITIALIZED_AUTOS = YES_AGGRESSIVE;
				GCC_WARN_UNUSED_FUNCTION = YES;
				GCC_WARN_UNUSED_VARIABLE = YES;
				IPHONEOS_DEPLOYMENT_TARGET = 11.2;
				MTL_ENABLE_DEBUG_INFO = YES;
				ONLY_ACTIVE_ARCH = YES;
				SDKROOT = iphoneos;
				SWIFT_ACTIVE_COMPILATION_CONDITIONS = DEBUG;
				SWIFT_OPTIMIZATION_LEVEL = "-Onone";
				SYSTEM_FRAMEWORK_SEARCH_PATHS = "$(SRCROOT)/**";
			};
			name = Debug;
		};
		FF569CC42005A3E80027512E /* Release */ = {
			isa = XCBuildConfiguration;
			buildSettings = {
				ALWAYS_SEARCH_USER_PATHS = NO;
				CLANG_ANALYZER_NONNULL = YES;
				CLANG_ANALYZER_NUMBER_OBJECT_CONVERSION = YES_AGGRESSIVE;
				CLANG_CXX_LANGUAGE_STANDARD = "gnu++14";
				CLANG_CXX_LIBRARY = "libc++";
				CLANG_ENABLE_MODULES = YES;
				CLANG_ENABLE_OBJC_ARC = YES;
				CLANG_WARN_BLOCK_CAPTURE_AUTORELEASING = YES;
				CLANG_WARN_BOOL_CONVERSION = YES;
				CLANG_WARN_COMMA = YES;
				CLANG_WARN_CONSTANT_CONVERSION = YES;
				CLANG_WARN_DIRECT_OBJC_ISA_USAGE = YES_ERROR;
				CLANG_WARN_DOCUMENTATION_COMMENTS = YES;
				CLANG_WARN_EMPTY_BODY = YES;
				CLANG_WARN_ENUM_CONVERSION = YES;
				CLANG_WARN_INFINITE_RECURSION = YES;
				CLANG_WARN_INT_CONVERSION = YES;
				CLANG_WARN_NON_LITERAL_NULL_CONVERSION = YES;
				CLANG_WARN_OBJC_LITERAL_CONVERSION = YES;
				CLANG_WARN_OBJC_ROOT_CLASS = YES_ERROR;
				CLANG_WARN_RANGE_LOOP_ANALYSIS = YES;
				CLANG_WARN_STRICT_PROTOTYPES = YES;
				CLANG_WARN_SUSPICIOUS_MOVE = YES;
				CLANG_WARN_UNGUARDED_AVAILABILITY = YES_AGGRESSIVE;
				CLANG_WARN_UNREACHABLE_CODE = YES;
				CLANG_WARN__DUPLICATE_METHOD_MATCH = YES;
				CODE_SIGN_IDENTITY = "iPhone Developer";
				COPY_PHASE_STRIP = NO;
				DEBUG_INFORMATION_FORMAT = "dwarf-with-dsym";
				ENABLE_NS_ASSERTIONS = NO;
				ENABLE_STRICT_OBJC_MSGSEND = YES;
				GCC_C_LANGUAGE_STANDARD = gnu11;
				GCC_NO_COMMON_BLOCKS = YES;
				GCC_WARN_64_TO_32_BIT_CONVERSION = YES;
				GCC_WARN_ABOUT_RETURN_TYPE = YES_ERROR;
				GCC_WARN_UNDECLARED_SELECTOR = YES;
				GCC_WARN_UNINITIALIZED_AUTOS = YES_AGGRESSIVE;
				GCC_WARN_UNUSED_FUNCTION = YES;
				GCC_WARN_UNUSED_VARIABLE = YES;
				IPHONEOS_DEPLOYMENT_TARGET = 11.2;
				MTL_ENABLE_DEBUG_INFO = NO;
				SDKROOT = iphoneos;
				SWIFT_OPTIMIZATION_LEVEL = "-Owholemodule";
				SYSTEM_FRAMEWORK_SEARCH_PATHS = "$(SRCROOT)/**";
				VALIDATE_PRODUCT = YES;
			};
			name = Release;
		};
		FF569CC62005A3E80027512E /* Debug */ = {
			isa = XCBuildConfiguration;
			baseConfigurationReference = B87637A1186CB09CDBB00D68 /* Pods-MeetingRecord.debug.xcconfig */;
			buildSettings = {
				ASSETCATALOG_COMPILER_APPICON_NAME = AppIcon;
				CLANG_ENABLE_MODULES = YES;
				CODE_SIGN_STYLE = Automatic;
				DEVELOPMENT_TEAM = X5MMX4C3V9;
				INFOPLIST_FILE = MeetingRecord/Info.plist;
				IPHONEOS_DEPLOYMENT_TARGET = 10.3;
				LD_RUNPATH_SEARCH_PATHS = "$(inherited) @executable_path/Frameworks";
				PRODUCT_BUNDLE_IDENTIFIER = jp.co.nics;
				PRODUCT_NAME = "$(TARGET_NAME)";
				SWIFT_OBJC_BRIDGING_HEADER = "MeetingRecord/MeetingRecord-Bridging-Header.h";
				SWIFT_OPTIMIZATION_LEVEL = "-Onone";
				SWIFT_VERSION = 4.0;
				TARGETED_DEVICE_FAMILY = 2;
			};
			name = Debug;
		};
		FF569CC72005A3E80027512E /* Release */ = {
			isa = XCBuildConfiguration;
			baseConfigurationReference = E31E489BABD6EC97AECA326B /* Pods-MeetingRecord.release.xcconfig */;
			buildSettings = {
				ASSETCATALOG_COMPILER_APPICON_NAME = AppIcon;
				CLANG_ENABLE_MODULES = YES;
				CODE_SIGN_STYLE = Automatic;
				DEVELOPMENT_TEAM = X5MMX4C3V9;
				INFOPLIST_FILE = MeetingRecord/Info.plist;
				IPHONEOS_DEPLOYMENT_TARGET = 10.3;
				LD_RUNPATH_SEARCH_PATHS = "$(inherited) @executable_path/Frameworks";
				PRODUCT_BUNDLE_IDENTIFIER = jp.co.nics;
				PRODUCT_NAME = "$(TARGET_NAME)";
				SWIFT_OBJC_BRIDGING_HEADER = "MeetingRecord/MeetingRecord-Bridging-Header.h";
				SWIFT_VERSION = 4.0;
				TARGETED_DEVICE_FAMILY = 2;
			};
			name = Release;
		};
		FF569CC92005A3E80027512E /* Debug */ = {
			isa = XCBuildConfiguration;
			buildSettings = {
				ALWAYS_EMBED_SWIFT_STANDARD_LIBRARIES = YES;
				BUNDLE_LOADER = "$(TEST_HOST)";
				CODE_SIGN_STYLE = Automatic;
				DEVELOPMENT_TEAM = X5MMX4C3V9;
				INFOPLIST_FILE = MeetingRecordTests/Info.plist;
				LD_RUNPATH_SEARCH_PATHS = "$(inherited) @executable_path/Frameworks @loader_path/Frameworks";
				PRODUCT_BUNDLE_IDENTIFIER = NICS.MeetingRecordTests;
				PRODUCT_NAME = "$(TARGET_NAME)";
				SWIFT_VERSION = 4.0;
				TARGETED_DEVICE_FAMILY = "1,2";
				TEST_HOST = "$(BUILT_PRODUCTS_DIR)/MeetingRecord.app/MeetingRecord";
			};
			name = Debug;
		};
		FF569CCA2005A3E80027512E /* Release */ = {
			isa = XCBuildConfiguration;
			buildSettings = {
				ALWAYS_EMBED_SWIFT_STANDARD_LIBRARIES = YES;
				BUNDLE_LOADER = "$(TEST_HOST)";
				CODE_SIGN_STYLE = Automatic;
				DEVELOPMENT_TEAM = X5MMX4C3V9;
				INFOPLIST_FILE = MeetingRecordTests/Info.plist;
				LD_RUNPATH_SEARCH_PATHS = "$(inherited) @executable_path/Frameworks @loader_path/Frameworks";
				PRODUCT_BUNDLE_IDENTIFIER = NICS.MeetingRecordTests;
				PRODUCT_NAME = "$(TARGET_NAME)";
				SWIFT_VERSION = 4.0;
				TARGETED_DEVICE_FAMILY = "1,2";
				TEST_HOST = "$(BUILT_PRODUCTS_DIR)/MeetingRecord.app/MeetingRecord";
			};
			name = Release;
		};
		FF569CCC2005A3E80027512E /* Debug */ = {
			isa = XCBuildConfiguration;
			buildSettings = {
				ALWAYS_EMBED_SWIFT_STANDARD_LIBRARIES = YES;
				CODE_SIGN_STYLE = Automatic;
				DEVELOPMENT_TEAM = X5MMX4C3V9;
				INFOPLIST_FILE = MeetingRecordUITests/Info.plist;
				LD_RUNPATH_SEARCH_PATHS = "$(inherited) @executable_path/Frameworks @loader_path/Frameworks";
				PRODUCT_BUNDLE_IDENTIFIER = NICS.MeetingRecordUITests;
				PRODUCT_NAME = "$(TARGET_NAME)";
				SWIFT_VERSION = 4.0;
				TARGETED_DEVICE_FAMILY = "1,2";
				TEST_TARGET_NAME = MeetingRecord;
			};
			name = Debug;
		};
		FF569CCD2005A3E80027512E /* Release */ = {
			isa = XCBuildConfiguration;
			buildSettings = {
				ALWAYS_EMBED_SWIFT_STANDARD_LIBRARIES = YES;
				CODE_SIGN_STYLE = Automatic;
				DEVELOPMENT_TEAM = X5MMX4C3V9;
				INFOPLIST_FILE = MeetingRecordUITests/Info.plist;
				LD_RUNPATH_SEARCH_PATHS = "$(inherited) @executable_path/Frameworks @loader_path/Frameworks";
				PRODUCT_BUNDLE_IDENTIFIER = NICS.MeetingRecordUITests;
				PRODUCT_NAME = "$(TARGET_NAME)";
				SWIFT_VERSION = 4.0;
				TARGETED_DEVICE_FAMILY = "1,2";
				TEST_TARGET_NAME = MeetingRecord;
			};
			name = Release;
		};
/* End XCBuildConfiguration section */

/* Begin XCConfigurationList section */
		FF569C982005A3E70027512E /* Build configuration list for PBXProject "MeetingRecord" */ = {
			isa = XCConfigurationList;
			buildConfigurations = (
				FF569CC32005A3E80027512E /* Debug */,
				FF569CC42005A3E80027512E /* Release */,
			);
			defaultConfigurationIsVisible = 0;
			defaultConfigurationName = Release;
		};
		FF569CC52005A3E80027512E /* Build configuration list for PBXNativeTarget "MeetingRecord" */ = {
			isa = XCConfigurationList;
			buildConfigurations = (
				FF569CC62005A3E80027512E /* Debug */,
				FF569CC72005A3E80027512E /* Release */,
			);
			defaultConfigurationIsVisible = 0;
			defaultConfigurationName = Release;
		};
		FF569CC82005A3E80027512E /* Build configuration list for PBXNativeTarget "MeetingRecordTests" */ = {
			isa = XCConfigurationList;
			buildConfigurations = (
				FF569CC92005A3E80027512E /* Debug */,
				FF569CCA2005A3E80027512E /* Release */,
			);
			defaultConfigurationIsVisible = 0;
			defaultConfigurationName = Release;
		};
		FF569CCB2005A3E80027512E /* Build configuration list for PBXNativeTarget "MeetingRecordUITests" */ = {
			isa = XCConfigurationList;
			buildConfigurations = (
				FF569CCC2005A3E80027512E /* Debug */,
				FF569CCD2005A3E80027512E /* Release */,
			);
			defaultConfigurationIsVisible = 0;
			defaultConfigurationName = Release;
		};
/* End XCConfigurationList section */
	};
	rootObject = FF569C952005A3E70027512E /* Project object */;
}
